
Microsoft Visual Studio Solution File, Format Version 12.00
# Visual Studio 15
VisualStudioVersion = 15.0.26730.12
MinimumVisualStudioVersion = 10.0.40219.1
Project("{FAE04EC0-301F-11D3-BF4B-00C04F79EFBC}") = "WordGame", "WordGame\WordGame.csproj", "{00526CF4-CA8D-44E5-BE0B-BA99CDB03499}"
EndProject
Global
	GlobalSection(SolutionConfigurationPlatforms) = preSolution
		Debug|Any CPU = Debug|Any CPU
		Release|Any CPU = Release|Any CPU
	EndGlobalSection
	GlobalSection(ProjectConfigurationPlatforms) = postSolution
		{00526CF4-CA8D-44E5-BE0B-BA99CDB03499}.Debug|Any CPU.ActiveCfg = Debug|Any CPU
		{00526CF4-CA8D-44E5-BE0B-BA99CDB03499}.Debug|Any CPU.Build.0 = Debug|Any CPU
		{00526CF4-CA8D-44E5-BE0B-BA99CDB03499}.Release|Any CPU.ActiveCfg = Release|Any CPU
		{00526CF4-CA8D-44E5-BE0B-BA99CDB03499}.Release|Any CPU.Build.0 = Release|Any CPU
	EndGlobalSection
	GlobalSection(SolutionProperties) = preSolution
		HideSolutionNode = FALSE
	EndGlobalSection
	GlobalSection(ExtensibilityGlobals) = postSolution
		SolutionGuid = {C61DB954-E515-4563-99F2-0CF5FF9EF1A8}
	EndGlobalSection
EndGlobal
